
Microsoft Visual Studio Solution File, Format Version 11.00
# Visual Studio 2010
Project("{FAE04EC0-301F-11D3-BF4B-00C04F79EFBC}") = "Assembly-CSharp-firstpass", "Assembly-CSharp-firstpass.csproj", "{8021a0f5-8dfe-56a9-d16e-7b753e2effa7}"
EndProject
Project("{FAE04EC0-301F-11D3-BF4B-00C04F79EFBC}") = "Assembly-CSharp", "Assembly-CSharp.csproj", "{c380c05d-bc93-e54c-3f79-e054f787e82b}"
EndProject
Global
	GlobalSection(SolutionConfigurationPlatforms) = preSolution
		Debug|Any CPU = Debug|Any CPU
	EndGlobalSection
	GlobalSection(ProjectConfigurationPlatforms) = postSolution
		{8021a0f5-8dfe-56a9-d16e-7b753e2effa7}.Debug|Any CPU.ActiveCfg = Debug|Any CPU
		{8021a0f5-8dfe-56a9-d16e-7b753e2effa7}.Debug|Any CPU.Build.0 = Debug|Any CPU
		{c380c05d-bc93-e54c-3f79-e054f787e82b}.Debug|Any CPU.ActiveCfg = Debug|Any CPU
		{c380c05d-bc93-e54c-3f79-e054f787e82b}.Debug|Any CPU.Build.0 = Debug|Any CPU
	EndGlobalSection
	GlobalSection(SolutionProperties) = preSolution
		HideSolutionNode = FALSE
	EndGlobalSection
EndGlobal
